
Microsoft Visual Studio Solution File, Format Version 12.00
# Visual Studio 15
VisualStudioVersion = 15.0.27130.2036
MinimumVisualStudioVersion = 10.0.40219.1
Project("{FAE04EC0-301F-11D3-BF4B-00C04F79EFBC}") = "Meta.ORM", "Meta.ORM\Meta.ORM.csproj", "{F4F61D96-7F02-458E-A5CB-53C5B1790AA1}"
EndProject
Project("{FAE04EC0-301F-11D3-BF4B-00C04F79EFBC}") = "Meta.ORM.Tests", "Meta.ORM.Tests\Meta.ORM.Tests.csproj", "{E38CE0A8-7BB7-4919-8415-A1288E418835}"
EndProject
Project("{FAE04EC0-301F-11D3-BF4B-00C04F79EFBC}") = "Meta.ORM.Common", "Meta.ORM.Common\Meta.ORM.Common.csproj", "{1B4C041F-E4AF-4C07-A688-CC6F75D2BA9E}"
EndProject
Project("{FAE04EC0-301F-11D3-BF4B-00C04F79EFBC}") = "Meta.ORM.Data", "Meta.ORM.Data\Meta.ORM.Data.csproj", "{09C0E5B8-BDD1-4069-8264-AB7897CEC744}"
EndProject
Global
	GlobalSection(SolutionConfigurationPlatforms) = preSolution
		Debug|Any CPU = Debug|Any CPU
		Release|Any CPU = Release|Any CPU
	EndGlobalSection
	GlobalSection(ProjectConfigurationPlatforms) = postSolution
		{F4F61D96-7F02-458E-A5CB-53C5B1790AA1}.Debug|Any CPU.ActiveCfg = Debug|Any CPU
		{F4F61D96-7F02-458E-A5CB-53C5B1790AA1}.Debug|Any CPU.Build.0 = Debug|Any CPU
		{F4F61D96-7F02-458E-A5CB-53C5B1790AA1}.Release|Any CPU.ActiveCfg = Release|Any CPU
		{F4F61D96-7F02-458E-A5CB-53C5B1790AA1}.Release|Any CPU.Build.0 = Release|Any CPU
		{E38CE0A8-7BB7-4919-8415-A1288E418835}.Debug|Any CPU.ActiveCfg = Debug|Any CPU
		{E38CE0A8-7BB7-4919-8415-A1288E418835}.Debug|Any CPU.Build.0 = Debug|Any CPU
		{E38CE0A8-7BB7-4919-8415-A1288E418835}.Release|Any CPU.ActiveCfg = Release|Any CPU
		{E38CE0A8-7BB7-4919-8415-A1288E418835}.Release|Any CPU.Build.0 = Release|Any CPU
		{1B4C041F-E4AF-4C07-A688-CC6F75D2BA9E}.Debug|Any CPU.ActiveCfg = Debug|Any CPU
		{1B4C041F-E4AF-4C07-A688-CC6F75D2BA9E}.Debug|Any CPU.Build.0 = Debug|Any CPU
		{1B4C041F-E4AF-4C07-A688-CC6F75D2BA9E}.Release|Any CPU.ActiveCfg = Release|Any CPU
		{1B4C041F-E4AF-4C07-A688-CC6F75D2BA9E}.Release|Any CPU.Build.0 = Release|Any CPU
		{09C0E5B8-BDD1-4069-8264-AB7897CEC744}.Debug|Any CPU.ActiveCfg = Debug|Any CPU
		{09C0E5B8-BDD1-4069-8264-AB7897CEC744}.Debug|Any CPU.Build.0 = Debug|Any CPU
		{09C0E5B8-BDD1-4069-8264-AB7897CEC744}.Release|Any CPU.ActiveCfg = Release|Any CPU
		{09C0E5B8-BDD1-4069-8264-AB7897CEC744}.Release|Any CPU.Build.0 = Release|Any CPU
	EndGlobalSection
	GlobalSection(SolutionProperties) = preSolution
		HideSolutionNode = FALSE
	EndGlobalSection
	GlobalSection(ExtensibilityGlobals) = postSolution
		SolutionGuid = {5F9AA3C6-C7BE-435A-A4EA-C673545BA16B}
	EndGlobalSection
EndGlobal
